
Microsoft Visual Studio Solution File, Format Version 12.00
# Visual Studio Version 17
VisualStudioVersion = 17.3.32901.215
MinimumVisualStudioVersion = 10.0.40219.1
Project("{FAE04EC0-301F-11D3-BF4B-00C04F79EFBC}") = "Adventuregame", "Adventuregame\Adventuregame.csproj", "{581F2AD1-FC6A-42F9-8D47-D4929C565EEB}"
EndProject
Global
	GlobalSection(SolutionConfigurationPlatforms) = preSolution
		Debug|Any CPU = Debug|Any CPU
		Release|Any CPU = Release|Any CPU
	EndGlobalSection
	GlobalSection(ProjectConfigurationPlatforms) = postSolution
		{581F2AD1-FC6A-42F9-8D47-D4929C565EEB}.Debug|Any CPU.ActiveCfg = Debug|Any CPU
		{581F2AD1-FC6A-42F9-8D47-D4929C565EEB}.Debug|Any CPU.Build.0 = Debug|Any CPU
		{581F2AD1-FC6A-42F9-8D47-D4929C565EEB}.Release|Any CPU.ActiveCfg = Release|Any CPU
		{581F2AD1-FC6A-42F9-8D47-D4929C565EEB}.Release|Any CPU.Build.0 = Release|Any CPU
	EndGlobalSection
	GlobalSection(SolutionProperties) = preSolution
		HideSolutionNode = FALSE
	EndGlobalSection
	GlobalSection(ExtensibilityGlobals) = postSolution
		SolutionGuid = {60AA9E0C-5034-4D50-8ED6-193A110501F9}
	EndGlobalSection
EndGlobal
